<?xml version="1.0" encoding="utf-8"?>
<Project ToolsVersion="4.0" xmlns="http://schemas.microsoft.com/developer/msbuild/2003">
  <ItemGroup>
    <Filter Include="Game">
      <UniqueIdentifier>{f35df93c-31bf-4fe5-8c56-70582126ca34}</UniqueIdentifier>
    </Filter>
    <Filter Include="Engine">
      <UniqueIdentifier>{8160bf35-2231-45a5-83cf-64c3e14b0d22}</UniqueIdentifier>
    </Filter>
    <Filter Include="Engine\Graphics">
      <UniqueIdentifier>{67366adf-bb55-47fe-87c1-8a3b92381615}</UniqueIdentifier>
    </Filter>
    <Filter Include="Engine\Math">
      <UniqueIdentifier>{407f4558-6586-4bc4-8b47-e4c33e7ecfdd}</UniqueIdentifier>
    </Filter>
    <Filter Include="Engine\Graphics\Renderer">
      <UniqueIdentifier>{a80cb03b-c942-440a-9e6b-3fb6212eda33}</UniqueIdentifier>
    </Filter>
    <Filter Include="Engine\FileLoader">
      <UniqueIdentifier>{615337b5-f631-4e92-91f6-0547d4de93d0}</UniqueIdentifier>
    </Filter>
    <Filter Include="Engine\Includes">
      <UniqueIdentifier>{f7c9407f-06f3-4592-882f-2233995f7ce0}</UniqueIdentifier>
    </Filter>
    <Filter Include="Engine\Includes\Json">
      <UniqueIdentifier>{5564da75-9d25-4bc5-8973-0091f2ccbd9a}</UniqueIdentifier>
    </Filter>
    <Filter Include="Engine\Includes\Json\dist">
      <UniqueIdentifier>{4ab231c3-43e7-451e-856a-f9b554807747}</UniqueIdentifier>
    </Filter>
    <Filter Include="Engine\Includes\Json\inc">
      <UniqueIdentifier>{3db4b5d4-7257-481f-8093-43cf93391d43}</UniqueIdentifier>
    </Filter>
    <Filter Include="Game\Data">
      <UniqueIdentifier>{c7353991-fecc-452f-a8b8-c415bece876c}</UniqueIdentifier>
    </Filter>
    <Filter Include="Engine\System">
      <UniqueIdentifier>{cc216fd6-e234-4a14-90a6-317aaef1362d}</UniqueIdentifier>
    </Filter>
    <Filter Include="Game\GameObjects">
      <UniqueIdentifier>{f2526899-98f6-440f-973c-10a24ee6ca9b}</UniqueIdentifier>
    </Filter>
    <Filter Include="Game\Levels">
      <UniqueIdentifier>{19594020-1222-4bd2-ae79-3e155f0b5019}</UniqueIdentifier>
    </Filter>
    <Filter Include="Game\OldPacman">
      <UniqueIdentifier>{ef152817-ca1d-48cd-a0e1-6a8c3186a021}</UniqueIdentifier>
    </Filter>
    <Filter Include="Game\OldPacman\World">
      <UniqueIdentifier>{cf8fdefa-6d25-49ff-99c5-564e289a7b61}</UniqueIdentifier>
    </Filter>
    <Filter Include="Game\OldPacman\Game entities">
      <UniqueIdentifier>{f58e9c74-955c-4053-aeb9-45aeae8568c1}</UniqueIdentifier>
    </Filter>
    <Filter Include="Game\OldPacman\Game entities\Static">
      <UniqueIdentifier>{8e80d2fc-ffcf-4187-b541-d35a283721ed}</UniqueIdentifier>
    </Filter>
    <Filter Include="Game\OldPacman\Game entities\Movable">
      <UniqueIdentifier>{534d0c22-4923-4d78-b772-8511e1871aa9}</UniqueIdentifier>
    </Filter>
  </ItemGroup>
  <ItemGroup>
    <ClCompile Include="GameEntity.cpp">
      <Filter>Game\OldPacman\Game entities</Filter>
    </ClCompile>
    <ClCompile Include="oBigDot.cpp">
      <Filter>Game\OldPacman\Game entities\Static</Filter>
    </ClCompile>
    <ClCompile Include="oCherry.cpp">
      <Filter>Game\OldPacman\Game entities\Static</Filter>
    </ClCompile>
    <ClCompile Include="oDot.cpp">
      <Filter>Game\OldPacman\Game entities\Static</Filter>
    </ClCompile>
    <ClCompile Include="StaticGameEntity.cpp">
      <Filter>Game\OldPacman\Game entities\Static</Filter>
    </ClCompile>
    <ClCompile Include="oAvatar.cpp">
      <Filter>Game\OldPacman\Game entities\Movable</Filter>
    </ClCompile>
    <ClCompile Include="oGhost.cpp">
      <Filter>Game\OldPacman\Game entities\Movable</Filter>
    </ClCompile>
    <ClCompile Include="MovableGameEntity.cpp">
      <Filter>Game\OldPacman\Game entities\Movable</Filter>
    </ClCompile>
    <ClCompile Include="PathmapTile.cpp">
      <Filter>Game\OldPacman\World</Filter>
    </ClCompile>
    <ClCompile Include="World.cpp">
      <Filter>Game\OldPacman\World</Filter>
    </ClCompile>
    <ClCompile Include="Vector2f.cpp">
      <Filter>Engine\Math</Filter>
    </ClCompile>
    <ClCompile Include="main.cpp" />
    <ClCompile Include="Game.cpp">
      <Filter>Game</Filter>
    </ClCompile>
    <ClCompile Include="Drawer.cpp">
      <Filter>Engine\Graphics\Renderer</Filter>
    </ClCompile>
    <ClCompile Include="GameObject.cpp">
      <Filter>Engine\System</Filter>
    </ClCompile>
    <ClCompile Include="ResourceCache.cpp">
      <Filter>Engine\System</Filter>
    </ClCompile>
    <ClCompile Include="Sprite.cpp">
      <Filter>Engine\System</Filter>
    </ClCompile>
    <ClCompile Include="Renderer.cpp">
      <Filter>Engine\Graphics\Renderer</Filter>
    </ClCompile>
    <ClCompile Include="Loader.cpp">
      <Filter>Engine\FileLoader</Filter>
    </ClCompile>
    <ClCompile Include="..\libs\Json\dist\jsoncpp.cpp">
      <Filter>Engine\Includes\Json\dist</Filter>
    </ClCompile>
    <ClCompile Include="Animation.cpp">
      <Filter>Engine\System</Filter>
    </ClCompile>
    <ClCompile Include="Level.cpp">
      <Filter>Engine\System</Filter>
    </ClCompile>
    <ClCompile Include="PacmanLv1.cpp">
      <Filter>Game\Levels</Filter>
    </ClCompile>
    <ClCompile Include="Pacman.cpp">
      <Filter>Game\OldPacman</Filter>
    </ClCompile>
    <ClCompile Include="Player.cpp">
      <Filter>Game\GameObjects</Filter>
    </ClCompile>
    <ClCompile Include="Ghost.cpp">
      <Filter>Game\GameObjects</Filter>
    </ClCompile>
    <ClCompile Include="BigDot.cpp">
      <Filter>Game\GameObjects</Filter>
    </ClCompile>
    <ClCompile Include="Dot.cpp">
      <Filter>Game\GameObjects</Filter>
    </ClCompile>
  </ItemGroup>
  <ItemGroup>
    <ClInclude Include="GameEntity.h">
      <Filter>Game\OldPacman\Game entities</Filter>
    </ClInclude>
    <ClInclude Include="oBigDot.h">
      <Filter>Game\OldPacman\Game entities\Static</Filter>
    </ClInclude>
    <ClInclude Include="oCherry.h">
      <Filter>Game\OldPacman\Game entities\Static</Filter>
    </ClInclude>
    <ClInclude Include="oDot.h">
      <Filter>Game\OldPacman\Game entities\Static</Filter>
    </ClInclude>
    <ClInclude Include="StaticGameEntity.h">
      <Filter>Game\OldPacman\Game entities\Static</Filter>
    </ClInclude>
    <ClInclude Include="oAvatar.h">
      <Filter>Game\OldPacman\Game entities\Movable</Filter>
    </ClInclude>
    <ClInclude Include="oGhost.h">
      <Filter>Game\OldPacman\Game entities\Movable</Filter>
    </ClInclude>
    <ClInclude Include="MovableGameEntity.h">
      <Filter>Game\OldPacman\Game entities\Movable</Filter>
    </ClInclude>
    <ClInclude Include="PathmapTile.h">
      <Filter>Game\OldPacman\World</Filter>
    </ClInclude>
    <ClInclude Include="World.h">
      <Filter>Game\OldPacman\World</Filter>
    </ClInclude>
    <ClInclude Include="Vector2f.h">
      <Filter>Engine\Math</Filter>
    </ClInclude>
    <ClInclude Include="Game.h">
      <Filter>Game</Filter>
    </ClInclude>
    <ClInclude Include="Drawer.h">
      <Filter>Engine\Graphics\Renderer</Filter>
    </ClInclude>
    <ClInclude Include="GameObject.h">
      <Filter>Engine\System</Filter>
    </ClInclude>
    <ClInclude Include="ResourceCache.h">
      <Filter>Engine\System</Filter>
    </ClInclude>
    <ClInclude Include="Sprite.h">
      <Filter>Engine\System</Filter>
    </ClInclude>
    <ClInclude Include="Renderer.h">
      <Filter>Engine\Graphics\Renderer</Filter>
    </ClInclude>
    <ClInclude Include="Loader.h">
      <Filter>Engine\FileLoader</Filter>
    </ClInclude>
    <ClInclude Include="..\libs\Json\inc\json\allocator.h">
      <Filter>Engine\Includes\Json\inc</Filter>
    </ClInclude>
    <ClInclude Include="..\libs\Json\inc\json\assertions.h">
      <Filter>Engine\Includes\Json\inc</Filter>
    </ClInclude>
    <ClInclude Include="..\libs\Json\inc\json\config.h">
      <Filter>Engine\Includes\Json\inc</Filter>
    </ClInclude>
    <ClInclude Include="..\libs\Json\inc\json\forwards.h">
      <Filter>Engine\Includes\Json\inc</Filter>
    </ClInclude>
    <ClInclude Include="..\libs\Json\inc\json\json.h">
      <Filter>Engine\Includes\Json\inc</Filter>
    </ClInclude>
    <ClInclude Include="..\libs\Json\inc\json\json_features.h">
      <Filter>Engine\Includes\Json\inc</Filter>
    </ClInclude>
    <ClInclude Include="..\libs\Json\inc\json\reader.h">
      <Filter>Engine\Includes\Json\inc</Filter>
    </ClInclude>
    <ClInclude Include="..\libs\Json\inc\json\value.h">
      <Filter>Engine\Includes\Json\inc</Filter>
    </ClInclude>
    <ClInclude Include="..\libs\Json\inc\json\version.h">
      <Filter>Engine\Includes\Json\inc</Filter>
    </ClInclude>
    <ClInclude Include="..\libs\Json\inc\json\writer.h">
      <Filter>Engine\Includes\Json\inc</Filter>
    </ClInclude>
    <ClInclude Include="..\libs\Json\dist\json\json.h">
      <Filter>Engine\Includes\Json\dist</Filter>
    </ClInclude>
    <ClInclude Include="..\libs\Json\dist\json\json-forwards.h">
      <Filter>Engine\Includes\Json\dist</Filter>
    </ClInclude>
    <ClInclude Include="Animation.h">
      <Filter>Engine\System</Filter>
    </ClInclude>
    <ClInclude Include="Level.h">
      <Filter>Engine\System</Filter>
    </ClInclude>
    <ClInclude Include="PacmanLv1.h">
      <Filter>Game\Levels</Filter>
    </ClInclude>
    <ClInclude Include="Pacman.h">
      <Filter>Game\OldPacman</Filter>
    </ClInclude>
    <ClInclude Include="Player.h">
      <Filter>Game\GameObjects</Filter>
    </ClInclude>
    <ClInclude Include="Ghost.h">
      <Filter>Game\GameObjects</Filter>
    </ClInclude>
    <ClInclude Include="DataStructures.h">
      <Filter>Engine\System</Filter>
    </ClInclude>
    <ClInclude Include="resource.h" />
    <ClInclude Include="BigDot.h">
      <Filter>Game\GameObjects</Filter>
    </ClInclude>
    <ClInclude Include="Dot.h">
      <Filter>Game\GameObjects</Filter>
    </ClInclude>
  </ItemGroup>
  <ItemGroup>
    <Text Include="..\Documentation\Timeline Documentation.txt" />
    <Text Include="..\data\map.txt">
      <Filter>Game\Data</Filter>
    </Text>
  </ItemGroup>
  <ItemGroup>
    <None Include="..\data\PacmanAtlasData.json">
      <Filter>Game\Data</Filter>
    </None>
  </ItemGroup>
  <ItemGroup>
    <ResourceCompile Include="Pacman.rc" />
  </ItemGroup>
</Project>